
Microsoft Visual Studio Solution File, Format Version 12.00
# Visual Studio Version 17
VisualStudioVersion = 17.6.33815.320
MinimumVisualStudioVersion = 10.0.40219.1
Project("{FAE04EC0-301F-11D3-BF4B-00C04F79EFBC}") = "Inventory Management System", "Inventory Management System\Inventory Management System.csproj", "{B79C9B94-D593-413D-ACC4-E6FEAF05154B}"
EndProject
Global
	GlobalSection(SolutionConfigurationPlatforms) = preSolution
		Debug|Any CPU = Debug|Any CPU
		Release|Any CPU = Release|Any CPU
	EndGlobalSection
	GlobalSection(ProjectConfigurationPlatforms) = postSolution
		{B79C9B94-D593-413D-ACC4-E6FEAF05154B}.Debug|Any CPU.ActiveCfg = Debug|Any CPU
		{B79C9B94-D593-413D-ACC4-E6FEAF05154B}.Debug|Any CPU.Build.0 = Debug|Any CPU
		{B79C9B94-D593-413D-ACC4-E6FEAF05154B}.Release|Any CPU.ActiveCfg = Release|Any CPU
		{B79C9B94-D593-413D-ACC4-E6FEAF05154B}.Release|Any CPU.Build.0 = Release|Any CPU
	EndGlobalSection
	GlobalSection(SolutionProperties) = preSolution
		HideSolutionNode = FALSE
	EndGlobalSection
	GlobalSection(ExtensibilityGlobals) = postSolution
		SolutionGuid = {9465356E-FE80-41C7-82C9-0919127C970F}
	EndGlobalSection
EndGlobal
